
Microsoft Visual Studio Solution File, Format Version 12.00
# Visual Studio Version 16
VisualStudioVersion = 16.0.31410.357
MinimumVisualStudioVersion = 10.0.40219.1
Project("{FAE04EC0-301F-11D3-BF4B-00C04F79EFBC}") = "CourseApp", "CourseApp\CourseApp.csproj", "{5A003080-88B6-470D-9BAE-89851A3A63B5}"
EndProject
Project("{FAE04EC0-301F-11D3-BF4B-00C04F79EFBC}") = "CourseApp.Tests", "CourseApp.Tests\CourseApp.Tests.csproj", "{360200B9-53CD-48BE-8333-0002152637B5}"
EndProject
Project("{FAE04EC0-301F-11D3-BF4B-00C04F79EFBC}") = "CourseApp.DataAcess", "CourseApp.DataAcess\CourseApp.DataAcess.csproj", "{91534367-07C2-4195-B2E4-A1BD216335B1}"
EndProject
Global
	GlobalSection(SolutionConfigurationPlatforms) = preSolution
		Debug|Any CPU = Debug|Any CPU
		Release|Any CPU = Release|Any CPU
	EndGlobalSection
	GlobalSection(ProjectConfigurationPlatforms) = postSolution
		{5A003080-88B6-470D-9BAE-89851A3A63B5}.Debug|Any CPU.ActiveCfg = Debug|Any CPU
		{5A003080-88B6-470D-9BAE-89851A3A63B5}.Debug|Any CPU.Build.0 = Debug|Any CPU
		{5A003080-88B6-470D-9BAE-89851A3A63B5}.Release|Any CPU.ActiveCfg = Release|Any CPU
		{5A003080-88B6-470D-9BAE-89851A3A63B5}.Release|Any CPU.Build.0 = Release|Any CPU
		{360200B9-53CD-48BE-8333-0002152637B5}.Debug|Any CPU.ActiveCfg = Debug|Any CPU
		{360200B9-53CD-48BE-8333-0002152637B5}.Debug|Any CPU.Build.0 = Debug|Any CPU
		{360200B9-53CD-48BE-8333-0002152637B5}.Release|Any CPU.ActiveCfg = Release|Any CPU
		{360200B9-53CD-48BE-8333-0002152637B5}.Release|Any CPU.Build.0 = Release|Any CPU
		{91534367-07C2-4195-B2E4-A1BD216335B1}.Debug|Any CPU.ActiveCfg = Debug|Any CPU
		{91534367-07C2-4195-B2E4-A1BD216335B1}.Debug|Any CPU.Build.0 = Debug|Any CPU
		{91534367-07C2-4195-B2E4-A1BD216335B1}.Release|Any CPU.ActiveCfg = Release|Any CPU
		{91534367-07C2-4195-B2E4-A1BD216335B1}.Release|Any CPU.Build.0 = Release|Any CPU
	EndGlobalSection
	GlobalSection(SolutionProperties) = preSolution
		HideSolutionNode = FALSE
	EndGlobalSection
	GlobalSection(ExtensibilityGlobals) = postSolution
		SolutionGuid = {89B37D6F-F807-41F7-B630-116F2B49AF22}
	EndGlobalSection
EndGlobal
